Microsoft Visual Studio Solution File, Format Version 12.00
# Visual Studio Version 17
VisualStudioVersion = 17.5.2.0
MinimumVisualStudioVersion = 10.0.40219.1
Project("{FAE04EC0-301F-11D3-BF4B-00C04F79EFBC}") = "MyConsoleProjec", "MyConsoleProjec\MyConsoleProjec.csproj", "{420C2404-8EA8-ED41-0BE7-C7AD02F54144}"
EndProject
Project("{FAE04EC0-301F-11D3-BF4B-00C04F79EFBC}") = "MongoDB.Project", "MongoDB.Project\MongoDB.Project.csproj", "{2150DD5D-0A0F-72DA-C07F-A6BBBAE9B752}"
EndProject
Global
	GlobalSection(SolutionConfigurationPlatforms) = preSolution
		Debug|Any CPU = Debug|Any CPU
		Release|Any CPU = Release|Any CPU
	EndGlobalSection
	GlobalSection(ProjectConfigurationPlatforms) = postSolution
		{420C2404-8EA8-ED41-0BE7-C7AD02F54144}.Debug|Any CPU.ActiveCfg = Debug|Any CPU
		{420C2404-8EA8-ED41-0BE7-C7AD02F54144}.Debug|Any CPU.Build.0 = Debug|Any CPU
		{420C2404-8EA8-ED41-0BE7-C7AD02F54144}.Release|Any CPU.ActiveCfg = Release|Any CPU
		{420C2404-8EA8-ED41-0BE7-C7AD02F54144}.Release|Any CPU.Build.0 = Release|Any CPU
		{2150DD5D-0A0F-72DA-C07F-A6BBBAE9B752}.Debug|Any CPU.ActiveCfg = Debug|Any CPU
		{2150DD5D-0A0F-72DA-C07F-A6BBBAE9B752}.Debug|Any CPU.Build.0 = Debug|Any CPU
		{2150DD5D-0A0F-72DA-C07F-A6BBBAE9B752}.Release|Any CPU.ActiveCfg = Release|Any CPU
		{2150DD5D-0A0F-72DA-C07F-A6BBBAE9B752}.Release|Any CPU.Build.0 = Release|Any CPU
	EndGlobalSection
	GlobalSection(SolutionProperties) = preSolution
		HideSolutionNode = FALSE
	EndGlobalSection
	GlobalSection(ExtensibilityGlobals) = postSolution
		SolutionGuid = {36EDCDA0-5C0A-4FA6-984C-340A67D43A83}
	EndGlobalSection
EndGlobal
